
Microsoft Visual Studio Solution File, Format Version 12.00
# Visual Studio Version 17
VisualStudioVersion = 17.13.35818.85
MinimumVisualStudioVersion = 10.0.40219.1
Project("{FAE04EC0-301F-11D3-BF4B-00C04F79EFBC}") = "GraphicEditor", "GraphicEditor\GraphicEditor.csproj", "{AEE205F1-359F-441C-A531-8795581D0A95}"
EndProject
Project("{FAE04EC0-301F-11D3-BF4B-00C04F79EFBC}") = "TestGraphicEditor", "TestGraphicEditor\TestGraphicEditor.csproj", "{082919FC-D7AA-4EDB-8B17-1E96FBFF9716}"
EndProject
Global
	GlobalSection(SolutionConfigurationPlatforms) = preSolution
		Debug|Any CPU = Debug|Any CPU
		Release|Any CPU = Release|Any CPU
	EndGlobalSection
	GlobalSection(ProjectConfigurationPlatforms) = postSolution
		{AEE205F1-359F-441C-A531-8795581D0A95}.Debug|Any CPU.ActiveCfg = Debug|Any CPU
		{AEE205F1-359F-441C-A531-8795581D0A95}.Debug|Any CPU.Build.0 = Debug|Any CPU
		{AEE205F1-359F-441C-A531-8795581D0A95}.Release|Any CPU.ActiveCfg = Release|Any CPU
		{AEE205F1-359F-441C-A531-8795581D0A95}.Release|Any CPU.Build.0 = Release|Any CPU
		{082919FC-D7AA-4EDB-8B17-1E96FBFF9716}.Debug|Any CPU.ActiveCfg = Debug|Any CPU
		{082919FC-D7AA-4EDB-8B17-1E96FBFF9716}.Debug|Any CPU.Build.0 = Debug|Any CPU
		{082919FC-D7AA-4EDB-8B17-1E96FBFF9716}.Release|Any CPU.ActiveCfg = Release|Any CPU
		{082919FC-D7AA-4EDB-8B17-1E96FBFF9716}.Release|Any CPU.Build.0 = Release|Any CPU
	EndGlobalSection
	GlobalSection(SolutionProperties) = preSolution
		HideSolutionNode = FALSE
	EndGlobalSection
	GlobalSection(ExtensibilityGlobals) = postSolution
		SolutionGuid = {212A09E7-0832-43B6-891A-34C710A20BB7}
	EndGlobalSection
EndGlobal
